Microsoft Visual Studio Solution File, Format Version 12.00
# Visual Studio Version 17
VisualStudioVersion = 17.5.2.0
MinimumVisualStudioVersion = 10.0.40219.1
Project("{FAE04EC0-301F-11D3-BF4B-00C04F79EFBC}") = "HomeworkInheritance", "HomeworkInheritance.csproj", "{53DC6B48-3D80-0C06-DDC8-A89A500DE590}"
EndProject
Global
	GlobalSection(SolutionConfigurationPlatforms) = preSolution
		Debug|Any CPU = Debug|Any CPU
		Release|Any CPU = Release|Any CPU
	EndGlobalSection
	GlobalSection(ProjectConfigurationPlatforms) = postSolution
		{53DC6B48-3D80-0C06-DDC8-A89A500DE590}.Debug|Any CPU.ActiveCfg = Debug|Any CPU
		{53DC6B48-3D80-0C06-DDC8-A89A500DE590}.Debug|Any CPU.Build.0 = Debug|Any CPU
		{53DC6B48-3D80-0C06-DDC8-A89A500DE590}.Release|Any CPU.ActiveCfg = Release|Any CPU
		{53DC6B48-3D80-0C06-DDC8-A89A500DE590}.Release|Any CPU.Build.0 = Release|Any CPU
	EndGlobalSection
	GlobalSection(SolutionProperties) = preSolution
		HideSolutionNode = FALSE
	EndGlobalSection
	GlobalSection(ExtensibilityGlobals) = postSolution
		SolutionGuid = {0150CEFD-69ED-43C3-9467-EFB84AEDB06E}
	EndGlobalSection
EndGlobal
