Microsoft Visual Studio Solution File, Format Version 12.00
# Visual Studio Version 17
VisualStudioVersion = 17.5.2.0
MinimumVisualStudioVersion = 10.0.40219.1
Project("{FAE04EC0-301F-11D3-BF4B-00C04F79EFBC}") = "YouTubeVideos_Abstraction", "YouTubeVideos_Abstraction.csproj", "{C50AD847-E643-0E95-8E3D-D3D4FAFACA73}"
EndProject
Global
	GlobalSection(SolutionConfigurationPlatforms) = preSolution
		Debug|Any CPU = Debug|Any CPU
		Release|Any CPU = Release|Any CPU
	EndGlobalSection
	GlobalSection(ProjectConfigurationPlatforms) = postSolution
		{C50AD847-E643-0E95-8E3D-D3D4FAFACA73}.Debug|Any CPU.ActiveCfg = Debug|Any CPU
		{C50AD847-E643-0E95-8E3D-D3D4FAFACA73}.Debug|Any CPU.Build.0 = Debug|Any CPU
		{C50AD847-E643-0E95-8E3D-D3D4FAFACA73}.Release|Any CPU.ActiveCfg = Release|Any CPU
		{C50AD847-E643-0E95-8E3D-D3D4FAFACA73}.Release|Any CPU.Build.0 = Release|Any CPU
	EndGlobalSection
	GlobalSection(SolutionProperties) = preSolution
		HideSolutionNode = FALSE
	EndGlobalSection
	GlobalSection(ExtensibilityGlobals) = postSolution
		SolutionGuid = {45CBDE79-09B0-4E32-9635-5DE19E52FD54}
	EndGlobalSection
EndGlobal
